
Microsoft Visual Studio Solution File, Format Version 12.00
# Visual Studio Version 16
VisualStudioVersion = 16.0.29411.108
MinimumVisualStudioVersion = 10.0.40219.1
Project("{8BC9CEB8-8B4A-11D0-8D11-00A0C91BC942}") = "SinglyLinkedList", "SinglyLinkedList\SinglyLinkedList.vcxproj", "{FE0D5166-DE01-4E4E-ACB5-26F28C1ABF44}"
EndProject
Global
	GlobalSection(SolutionConfigurationPlatforms) = preSolution
		Debug|x64 = Debug|x64
		Debug|x86 = Debug|x86
		Release|x64 = Release|x64
		Release|x86 = Release|x86
	EndGlobalSection
	GlobalSection(ProjectConfigurationPlatforms) = postSolution
		{FE0D5166-DE01-4E4E-ACB5-26F28C1ABF44}.Debug|x64.ActiveCfg = Debug|x64
		{FE0D5166-DE01-4E4E-ACB5-26F28C1ABF44}.Debug|x64.Build.0 = Debug|x64
		{FE0D5166-DE01-4E4E-ACB5-26F28C1ABF44}.Debug|x86.ActiveCfg = Debug|Win32
		{FE0D5166-DE01-4E4E-ACB5-26F28C1ABF44}.Debug|x86.Build.0 = Debug|Win32
		{FE0D5166-DE01-4E4E-ACB5-26F28C1ABF44}.Release|x64.ActiveCfg = Release|x64
		{FE0D5166-DE01-4E4E-ACB5-26F28C1ABF44}.Release|x64.Build.0 = Release|x64
		{FE0D5166-DE01-4E4E-ACB5-26F28C1ABF44}.Release|x86.ActiveCfg = Release|Win32
		{FE0D5166-DE01-4E4E-ACB5-26F28C1ABF44}.Release|x86.Build.0 = Release|Win32
	EndGlobalSection
	GlobalSection(SolutionProperties) = preSolution
		HideSolutionNode = FALSE
	EndGlobalSection
	GlobalSection(ExtensibilityGlobals) = postSolution
		SolutionGuid = {15EBC1C4-3CC0-49ED-B613-554B72713CE4}
	EndGlobalSection
EndGlobal
